// !$*UTF8*$!
{ archiveVersion = 1; classes = {}; objectVersion = 56; objects = {
A00000000000000000000001 = {isa = PBXProject; buildConfigurationList = A00000000000000000000008; compatibilityVersion = "Xcode 14.0"; developmentRegion = zh_TW; knownRegions = (zh_TW, en, Base); mainGroup = A00000000000000000000002; productRefGroup = A00000000000000000000003; projectDirPath = ""; projectRoot = ""; packageReferences = (D00000000000000000000001); targets = (A00000000000000000000004, E00000000000000000000001); };
A00000000000000000000002 = {isa = PBXGroup; children = (E00000000000000000000006, E00000000000000000000007, B00000000000000000000013, B00000000000000000000014, B00000000000000000000015, B00000000000000000000016, B00000000000000000000017, B00000000000000000000018, B00000000000000000000010, B00000000000000000000011, B00000000000000000000012, A00000000000000000000005, A00000000000000000000003); sourceTree = "<group>"; };
A00000000000000000000003 = {isa = PBXGroup; children = (A00000000000000000000006, E00000000000000000000002); name = Products; sourceTree = "<group>"; };
A00000000000000000000004 = {isa = PBXNativeTarget; buildConfigurationList = A00000000000000000000009; buildPhases = (A00000000000000000000007, D00000000000000000000004, D00000000000000000000005); packageProductDependencies = (D00000000000000000000002, D00000000000000000000003); buildRules = (); dependencies = (); name = LearnMore; productName = LearnMore; productReference = A00000000000000000000006; productType = "com.apple.product-type.application"; };
A00000000000000000000005 = {isa = PBXFileReference; lastKnownFileType = sourcecode.swift; path = LearnMore/LearnMoreApp.swift; sourceTree = "<group>"; };
A00000000000000000000006 = {isa = PBXFileReference; explicitFileType = wrapper.application; includeInIndex = 0; path = LearnMore.app; sourceTree = BUILT_PRODUCTS_DIR; };
A00000000000000000000007 = {isa = PBXSourcesBuildPhase; buildActionMask = 2147483647; files = (E00000000000000000000008, C00000000000000000000013, C00000000000000000000014, C00000000000000000000015, C00000000000000000000010, C00000000000000000000011, C00000000000000000000012, A0000000000000000000000A); runOnlyForDeploymentPostprocessing = 0; };
A00000000000000000000008 = {isa = XCConfigurationList; buildConfigurations = (A0000000000000000000000B, A0000000000000000000000C); defaultConfigurationIsVisible = 0; defaultConfigurationName = Release; };
A00000000000000000000009 = {isa = XCConfigurationList; buildConfigurations = (A0000000000000000000000D, A0000000000000000000000E); defaultConfigurationIsVisible = 0; defaultConfigurationName = Release; };
A0000000000000000000000A = {isa = PBXBuildFile; fileRef = A00000000000000000000005; };
A0000000000000000000000B = {isa = XCBuildConfiguration; buildSettings = {SDKROOT = iphoneos; IPHONEOS_DEPLOYMENT_TARGET = 17.0; SWIFT_VERSION = 5.0; CLANG_ENABLE_MODULES = YES; SWIFT_OPTIMIZATION_LEVEL = "-Onone"; SWIFT_ACTIVE_COMPILATION_CONDITIONS = DEBUG; DEBUG_INFORMATION_FORMAT = dwarf;}; name = Debug; };
A0000000000000000000000C = {isa = XCBuildConfiguration; buildSettings = {SDKROOT = iphoneos; IPHONEOS_DEPLOYMENT_TARGET = 17.0; SWIFT_VERSION = 5.0; CLANG_ENABLE_MODULES = YES; SWIFT_OPTIMIZATION_LEVEL = "-O"; DEBUG_INFORMATION_FORMAT = "dwarf-with-dsym";}; name = Release; };
A0000000000000000000000D = {isa = XCBuildConfiguration; baseConfigurationReference = B00000000000000000000018; buildSettings = {SDKROOT = iphoneos; IPHONEOS_DEPLOYMENT_TARGET = 17.0; SWIFT_VERSION = 5.0; CLANG_ENABLE_MODULES = YES; PRODUCT_NAME = "$(TARGET_NAME)"; PRODUCT_BUNDLE_IDENTIFIER = "$(LEARNMORE_BUNDLE_ID)"; DEVELOPMENT_TEAM = "$(LEARNMORE_TEAM_ID)"; CODE_SIGN_ENTITLEMENTS = LearnMore/LearnMore.entitlements; ASSETCATALOG_COMPILER_APPICON_NAME = AppIcon; INFOPLIST_FILE = LearnMore/Info.plist; CODE_SIGN_STYLE = Automatic; TARGETED_DEVICE_FAMILY = "1,2"; MARKETING_VERSION = 1.0.0; CURRENT_PROJECT_VERSION = 1; SWIFT_EMIT_LOC_STRINGS = YES; SWIFT_OPTIMIZATION_LEVEL = "-Onone"; SWIFT_ACTIVE_COMPILATION_CONDITIONS = DEBUG; DEBUG_INFORMATION_FORMAT = dwarf;}; name = Debug; };
A0000000000000000000000E = {isa = XCBuildConfiguration; baseConfigurationReference = B00000000000000000000018; buildSettings = {SDKROOT = iphoneos; IPHONEOS_DEPLOYMENT_TARGET = 17.0; SWIFT_VERSION = 5.0; CLANG_ENABLE_MODULES = YES; PRODUCT_NAME = "$(TARGET_NAME)"; PRODUCT_BUNDLE_IDENTIFIER = "$(LEARNMORE_BUNDLE_ID)"; DEVELOPMENT_TEAM = "$(LEARNMORE_TEAM_ID)"; CODE_SIGN_ENTITLEMENTS = LearnMore/LearnMore.entitlements; ASSETCATALOG_COMPILER_APPICON_NAME = AppIcon; INFOPLIST_FILE = LearnMore/Info.plist; CODE_SIGN_STYLE = Automatic; TARGETED_DEVICE_FAMILY = "1,2"; MARKETING_VERSION = 1.0.0; CURRENT_PROJECT_VERSION = 1; SWIFT_EMIT_LOC_STRINGS = YES; SWIFT_OPTIMIZATION_LEVEL = "-O"; DEBUG_INFORMATION_FORMAT = "dwarf-with-dsym";}; name = Release; };
B00000000000000000000010 = {isa = PBXFileReference; lastKnownFileType = sourcecode.swift; path = LearnMore/YouTubePlayer.swift; sourceTree = "<group>"; };
C00000000000000000000010 = {isa = PBXBuildFile; fileRef = B00000000000000000000010; };
B00000000000000000000011 = {isa = PBXFileReference; lastKnownFileType = sourcecode.swift; path = LearnMore/SongView.swift; sourceTree = "<group>"; };
C00000000000000000000011 = {isa = PBXBuildFile; fileRef = B00000000000000000000011; };
B00000000000000000000012 = {isa = PBXFileReference; lastKnownFileType = sourcecode.swift; path = PlaybackCore/Sources/PlaybackCore/PlaybackCore.swift; sourceTree = "<group>"; };
C00000000000000000000012 = {isa = PBXBuildFile; fileRef = B00000000000000000000012; };
B00000000000000000000013 = {isa = PBXFileReference; lastKnownFileType = sourcecode.swift; path = LearnMore/AccountModel.swift; sourceTree = "<group>"; };
C00000000000000000000013 = {isa = PBXBuildFile; fileRef = B00000000000000000000013; };
B00000000000000000000014 = {isa = PBXFileReference; lastKnownFileType = sourcecode.swift; path = LearnMore/AccountView.swift; sourceTree = "<group>"; };
C00000000000000000000014 = {isa = PBXBuildFile; fileRef = B00000000000000000000014; };
B00000000000000000000015 = {isa = PBXFileReference; lastKnownFileType = sourcecode.swift; path = LearnMore/FavoritesView.swift; sourceTree = "<group>"; };
C00000000000000000000015 = {isa = PBXBuildFile; fileRef = B00000000000000000000015; };
B00000000000000000000016 = {isa = PBXFileReference; lastKnownFileType = text.xml; path = LearnMore/PrivacyInfo.xcprivacy; sourceTree = "<group>"; };
C00000000000000000000016 = {isa = PBXBuildFile; fileRef = B00000000000000000000016; };
B00000000000000000000017 = {isa = PBXFileReference; lastKnownFileType = folder.assetcatalog; path = LearnMore/Assets.xcassets; sourceTree = "<group>"; };
C00000000000000000000017 = {isa = PBXBuildFile; fileRef = B00000000000000000000017; };
B00000000000000000000018 = {isa = PBXFileReference; lastKnownFileType = text.xcconfig; path = Config/App.xcconfig; sourceTree = "<group>"; };
C00000000000000000000018 = {isa = PBXBuildFile; fileRef = B00000000000000000000018; };
D00000000000000000000001 = {isa = XCRemoteSwiftPackageReference; repositoryURL = "https://github.com/google/GoogleSignIn-iOS"; requirement = {kind = exactVersion; version = 9.2.0;};};
D00000000000000000000002 = {isa = XCSwiftPackageProductDependency; package = D00000000000000000000001; productName = GoogleSignIn;};
D00000000000000000000003 = {isa = XCSwiftPackageProductDependency; package = D00000000000000000000001; productName = GoogleSignInSwift;};
D00000000000000000000004 = {isa = PBXFrameworksBuildPhase; buildActionMask = 2147483647; files = (D00000000000000000000006, D00000000000000000000007); runOnlyForDeploymentPostprocessing = 0;};
D00000000000000000000005 = {isa = PBXResourcesBuildPhase; buildActionMask = 2147483647; files = (C00000000000000000000016, C00000000000000000000017); runOnlyForDeploymentPostprocessing = 0;};
D00000000000000000000006 = {isa = PBXBuildFile; productRef = D00000000000000000000002;};
D00000000000000000000007 = {isa = PBXBuildFile; productRef = D00000000000000000000003;};
E00000000000000000000001 = {isa = PBXNativeTarget; buildConfigurationList = E00000000000000000000003; buildPhases = (E00000000000000000000009); dependencies = (E0000000000000000000000D); name = LearnMoreUITests; productName = LearnMoreUITests; productReference = E00000000000000000000002; productType = "com.apple.product-type.bundle.ui-testing";};
E00000000000000000000002 = {isa = PBXFileReference; explicitFileType = wrapper.cfbundle; includeInIndex = 0; path = LearnMoreUITests.xctest; sourceTree = BUILT_PRODUCTS_DIR;};
E00000000000000000000003 = {isa = XCConfigurationList; buildConfigurations = (E00000000000000000000004, E00000000000000000000005); defaultConfigurationIsVisible = 0; defaultConfigurationName = Release;};
E00000000000000000000004 = {isa = XCBuildConfiguration; buildSettings = {PRODUCT_BUNDLE_IDENTIFIER = com.learnmore.ios.uitests; PRODUCT_NAME = "$(TARGET_NAME)"; GENERATE_INFOPLIST_FILE = YES; TEST_TARGET_NAME = LearnMore; SWIFT_VERSION = 5.0; IPHONEOS_DEPLOYMENT_TARGET = 17.0; CODE_SIGN_STYLE = Automatic; TARGETED_DEVICE_FAMILY = "1,2";}; name = Debug;};
E00000000000000000000005 = {isa = XCBuildConfiguration; buildSettings = {PRODUCT_BUNDLE_IDENTIFIER = com.learnmore.ios.uitests; PRODUCT_NAME = "$(TARGET_NAME)"; GENERATE_INFOPLIST_FILE = YES; TEST_TARGET_NAME = LearnMore; SWIFT_VERSION = 5.0; IPHONEOS_DEPLOYMENT_TARGET = 17.0; CODE_SIGN_STYLE = Automatic; TARGETED_DEVICE_FAMILY = "1,2";}; name = Release;};
E00000000000000000000006 = {isa = PBXFileReference; lastKnownFileType = sourcecode.swift; path = LearnMore/UITestSupport.swift; sourceTree = "<group>";};
E00000000000000000000007 = {isa = PBXFileReference; lastKnownFileType = sourcecode.swift; path = LearnMoreUITests/LearnMoreUITests.swift; sourceTree = "<group>";};
E00000000000000000000008 = {isa = PBXBuildFile; fileRef = E00000000000000000000006;};
E00000000000000000000009 = {isa = PBXSourcesBuildPhase; buildActionMask = 2147483647; files = (E0000000000000000000000A); runOnlyForDeploymentPostprocessing = 0;};
E0000000000000000000000A = {isa = PBXBuildFile; fileRef = E00000000000000000000007;};
E0000000000000000000000C = {isa = PBXContainerItemProxy; containerPortal = A00000000000000000000001; proxyType = 1; remoteGlobalIDString = A00000000000000000000004; remoteInfo = LearnMore;};
E0000000000000000000000D = {isa = PBXTargetDependency; target = A00000000000000000000004; targetProxy = E0000000000000000000000C;};
}; rootObject = A00000000000000000000001; }
